// !$*UTF8*$!
{
	archiveVersion = 1;
	classes = {
	};
	objectVersion = 55;
	objects = {

/* Begin PBXBuildFile section */
		3073107B62E133689B9ECDD5 /* Pods_Nadam.framework in Frameworks */ = {isa = PBXBuildFile; fileRef = 0128076284383D266698FFF3 /* Pods_Nadam.framework */; };
		8B0DDEEF289A953D00F0ACC3 /* AppDelegate.swift in Sources */ = {isa = PBXBuildFile; fileRef = 8B0DDEEE289A953D00F0ACC3 /* AppDelegate.swift */; };
		8B0DDEF1289A953D00F0ACC3 /* SceneDelegate.swift in Sources */ = {isa = PBXBuildFile; fileRef = 8B0DDEF0289A953D00F0ACC3 /* SceneDelegate.swift */; };
		8B0DDEF3289A953D00F0ACC3 /* ViewController.swift in Sources */ = {isa = PBXBuildFile; fileRef = 8B0DDEF2289A953D00F0ACC3 /* ViewController.swift */; };
		8B0DDEF6289A953D00F0ACC3 /* Main.storyboard in Resources */ = {isa = PBXBuildFile; fileRef = 8B0DDEF4289A953D00F0ACC3 /* Main.storyboard */; };
		8B0DDEF9289A953D00F0ACC3 /* Nadam.xcdatamodeld in Sources */ = {isa = PBXBuildFile; fileRef = 8B0DDEF7289A953D00F0ACC3 /* Nadam.xcdatamodeld */; };
		8B0DDEFB289A953F00F0ACC3 /* Assets.xcassets in Resources */ = {isa = PBXBuildFile; fileRef = 8B0DDEFA289A953F00F0ACC3 /* Assets.xcassets */; };
		8B0DDEFE289A953F00F0ACC3 /* LaunchScreen.storyboard in Resources */ = {isa = PBXBuildFile; fileRef = 8B0DDEFC289A953F00F0ACC3 /* LaunchScreen.storyboard */; };
		8B1DBD78289F5D6F007580D7 /* Nadam+Color.swift in Sources */ = {isa = PBXBuildFile; fileRef = 8B1DBD77289F5D6F007580D7 /* Nadam+Color.swift */; };
		8B1DBDB628A67988007580D7 /* WordCell.swift in Sources */ = {isa = PBXBuildFile; fileRef = 8B1DBDB528A67988007580D7 /* WordCell.swift */; };
		8B21436328C2D1ED00C073CE /* SearchView.storyboard in Resources */ = {isa = PBXBuildFile; fileRef = 8B21436228C2D1ED00C073CE /* SearchView.storyboard */; };
		8B21436528C2D20300C073CE /* SearchViewController.swift in Sources */ = {isa = PBXBuildFile; fileRef = 8B21436428C2D20300C073CE /* SearchViewController.swift */; };
		8B4D72A428D0B523000E9BBB /* questionWord.swift in Sources */ = {isa = PBXBuildFile; fileRef = 8B4D72A328D0B523000E9BBB /* questionWord.swift */; };
		8B4D72A628D0B7DF000E9BBB /* ResultWordCell.swift in Sources */ = {isa = PBXBuildFile; fileRef = 8B4D72A528D0B7DF000E9BBB /* ResultWordCell.swift */; };
		8B5026CF28BF8CE5009271AA /* WordInformation.swift in Sources */ = {isa = PBXBuildFile; fileRef = 8B5026CE28BF8CE5009271AA /* WordInformation.swift */; };
		8B5026D128BF90C2009271AA /* ErrorMessage.swift in Sources */ = {isa = PBXBuildFile; fileRef = 8B5026D028BF90C2009271AA /* ErrorMessage.swift */; };
		8B63ABE928D04BB200D38973 /* ResultWordView.storyboard in Resources */ = {isa = PBXBuildFile; fileRef = 8B63ABE828D04BB200D38973 /* ResultWordView.storyboard */; };
		8B63ABEB28D04BB900D38973 /* ResultWordViewController.swift in Sources */ = {isa = PBXBuildFile; fileRef = 8B63ABEA28D04BB900D38973 /* ResultWordViewController.swift */; };
		8B6A522B28C626A9005CA74B /* TapWordCell.swift in Sources */ = {isa = PBXBuildFile; fileRef = 8B6A522928C626A9005CA74B /* TapWordCell.swift */; };
		8B6A522C28C626A9005CA74B /* TapWordCell.xib in Resources */ = {isa = PBXBuildFile; fileRef = 8B6A522A28C626A9005CA74B /* TapWordCell.xib */; };
		8B6DE76128B0B50300E32928 /* GameListView.storyboard in Resources */ = {isa = PBXBuildFile; fileRef = 8B6DE76028B0B50300E32928 /* GameListView.storyboard */; };
		8B6DE76328B0B51600E32928 /* GameListViewController.swift in Sources */ = {isa = PBXBuildFile; fileRef = 8B6DE76228B0B51600E32928 /* GameListViewController.swift */; };
		8B6DE76728B0C52500E32928 /* CustomTabBarVC.swift in Sources */ = {isa = PBXBuildFile; fileRef = 8B6DE76628B0C52500E32928 /* CustomTabBarVC.swift */; };
		8B93D50A28E47C2A00AD8170 /* SelectTestListButton.swift in Sources */ = {isa = PBXBuildFile; fileRef = 8B93D50928E47C2A00AD8170 /* SelectTestListButton.swift */; };
		8B93D54628E8950500AD8170 /* PetViewController.swift in Sources */ = {isa = PBXBuildFile; fileRef = 8B93D54528E8950500AD8170 /* PetViewController.swift */; };
		8B93D54828E8950C00AD8170 /* PetView.storyboard in Resources */ = {isa = PBXBuildFile; fileRef = 8B93D54728E8950C00AD8170 /* PetView.storyboard */; };
		8B93D54A28E89C1500AD8170 /* PurchasingView.storyboard in Resources */ = {isa = PBXBuildFile; fileRef = 8B93D54928E89C1500AD8170 /* PurchasingView.storyboard */; };
		8B93D54C28E89C2100AD8170 /* PurchasingViewController.swift in Sources */ = {isa = PBXBuildFile; fileRef = 8B93D54B28E89C2100AD8170 /* PurchasingViewController.swift */; };
		8B93D54E28ED282100AD8170 /* PurchasingCell.swift in Sources */ = {isa = PBXBuildFile; fileRef = 8B93D54D28ED282100AD8170 /* PurchasingCell.swift */; };
		8BAF4F1A28DAB223008ADFCC /* CalendarView.storyboard in Resources */ = {isa = PBXBuildFile; fileRef = 8BAF4F1928DAB223008ADFCC /* CalendarView.storyboard */; };
		8BAF4F1C28DAB22C008ADFCC /* CalendarViewController.swift in Sources */ = {isa = PBXBuildFile; fileRef = 8BAF4F1B28DAB22C008ADFCC /* CalendarViewController.swift */; };
		8BAF4F2028DB6B1D008ADFCC /* CalendarWordCell.swift in Sources */ = {isa = PBXBuildFile; fileRef = 8BAF4F1F28DB6B1D008ADFCC /* CalendarWordCell.swift */; };
		8BDDCE9828C7AF64000DE395 /* PaddingLabel.swift in Sources */ = {isa = PBXBuildFile; fileRef = 8BDDCE9728C7AF64000DE395 /* PaddingLabel.swift */; };
		8BDDCE9A28C9CA42000DE395 /* ArrangeButton.swift in Sources */ = {isa = PBXBuildFile; fileRef = 8BDDCE9928C9CA42000DE395 /* ArrangeButton.swift */; };
		8BDFBFB528DF390C001622D6 /* NextButtonState.swift in Sources */ = {isa = PBXBuildFile; fileRef = 8BDFBFB428DF390C001622D6 /* NextButtonState.swift */; };
		8BDFBFB728E2EDF9001622D6 /* NetworkReachability.swift in Sources */ = {isa = PBXBuildFile; fileRef = 8BDFBFB628E2EDF9001622D6 /* NetworkReachability.swift */; };
		8BDFBFC228E33E9E001622D6 /* SelectTestListViewController.swift in Sources */ = {isa = PBXBuildFile; fileRef = 8BDFBFC128E33E9E001622D6 /* SelectTestListViewController.swift */; };
		8BDFBFC428E33EA9001622D6 /* SelectTestListView.storyboard in Resources */ = {isa = PBXBuildFile; fileRef = 8BDFBFC328E33EA9001622D6 /* SelectTestListView.storyboard */; };
		8BE57A0E28C4FDAD00484284 /* SearchedWordCell.swift in Sources */ = {isa = PBXBuildFile; fileRef = 8BE57A0D28C4FDAD00484284 /* SearchedWordCell.swift */; };
		8BE59CC628D2E93600C878AC /* RainTestView.storyboard in Resources */ = {isa = PBXBuildFile; fileRef = 8BE59CC528D2E93600C878AC /* RainTestView.storyboard */; };
		8BE59CC828D2E94800C878AC /* RainTestViewController.swift in Sources */ = {isa = PBXBuildFile; fileRef = 8BE59CC728D2E94800C878AC /* RainTestViewController.swift */; };
		8BF3045628CF19C200A5374A /* SpellingTestView.storyboard in Resources */ = {isa = PBXBuildFile; fileRef = 8BF3045528CF19C200A5374A /* SpellingTestView.storyboard */; };
		8BF3045828CF19D400A5374A /* SpellingTestViewController.swift in Sources */ = {isa = PBXBuildFile; fileRef = 8BF3045728CF19D400A5374A /* SpellingTestViewController.swift */; };
		8BF3045B28CF78C900A5374A /* ResultView.storyboard in Resources */ = {isa = PBXBuildFile; fileRef = 8BF3045A28CF78C900A5374A /* ResultView.storyboard */; };
		8BF3045D28CF78D300A5374A /* ResultViewController.swift in Sources */ = {isa = PBXBuildFile; fileRef = 8BF3045C28CF78D300A5374A /* ResultViewController.swift */; };
		8BF3AF25289ACA8D00F049CD /* WordListView.storyboard in Resources */ = {isa = PBXBuildFile; fileRef = 8BF3AF24289ACA8D00F049CD /* WordListView.storyboard */; };
		8BF3AF27289ACAA700F049CD /* WordListViewController.swift in Sources */ = {isa = PBXBuildFile; fileRef = 8BF3AF26289ACAA700F049CD /* WordListViewController.swift */; };
		8BF3AF2A289B5AEB00F049CD /* AddWordView.storyboard in Resources */ = {isa = PBXBuildFile; fileRef = 8BF3AF29289B5AEB00F049CD /* AddWordView.storyboard */; };
		8BF3AF2C289B5AF500F049CD /* AddWordViewController.swift in Sources */ = {isa = PBXBuildFile; fileRef = 8BF3AF2B289B5AF500F049CD /* AddWordViewController.swift */; };
		8BF3AF2F289BBFAC00F049CD /* CoreDataManager.swift in Sources */ = {isa = PBXBuildFile; fileRef = 8BF3AF2E289BBFAC00F049CD /* CoreDataManager.swift */; };
		8BF3AF39289C261500F049CD /* Nadam+Font.swift in Sources */ = {isa = PBXBuildFile; fileRef = 8BF3AF38289C261500F049CD /* Nadam+Font.swift */; };
		8BF3AF42289C32B800F049CD /* GmarketSansTTFBold.ttf in Resources */ = {isa = PBXBuildFile; fileRef = 8BF3AF41289C32B800F049CD /* GmarketSansTTFBold.ttf */; };
		8BF3AF43289C32BE00F049CD /* GmarketSansTTFLight.ttf in Resources */ = {isa = PBXBuildFile; fileRef = 8BF3AF3D289C328A00F049CD /* GmarketSansTTFLight.ttf */; };
		8BF3AF44289C32C000F049CD /* GmarketSansTTFMedium.ttf in Resources */ = {isa = PBXBuildFile; fileRef = 8BF3AF3F289C329000F049CD /* GmarketSansTTFMedium.ttf */; };
		8BFC7E3728B5140500D92E00 /* AddCameraView.storyboard in Resources */ = {isa = PBXBuildFile; fileRef = 8BFC7E3628B5140500D92E00 /* AddCameraView.storyboard */; };
		8BFC7E3928B5141F00D92E00 /* AddCameraViewController.swift in Sources */ = {isa = PBXBuildFile; fileRef = 8BFC7E3828B5141F00D92E00 /* AddCameraViewController.swift */; };
		8BFC7E3B28B88AB700D92E00 /* WordButtonCell.swift in Sources */ = {isa = PBXBuildFile; fileRef = 8BFC7E3A28B88AB700D92E00 /* WordButtonCell.swift */; };
		8BFFE1AD28F3D99200D183CE /* CALayer+.swift in Sources */ = {isa = PBXBuildFile; fileRef = 8BFFE1AC28F3D99200D183CE /* CALayer+.swift */; };
/* End PBXBuildFile section */

/* Begin PBXFileReference section */
		0128076284383D266698FFF3 /* Pods_Nadam.framework */ = {isa = PBXFileReference; explicitFileType = wrapper.framework; includeInIndex = 0; path = Pods_Nadam.framework; sourceTree = BUILT_PRODUCTS_DIR; };
		40D2F751573CC0C552E8F732 /* Pods-Nadam.release.xcconfig */ = {isa = PBXFileReference; includeInIndex = 1; lastKnownFileType = text.xcconfig; name = "Pods-Nadam.release.xcconfig"; path = "Target Support Files/Pods-Nadam/Pods-Nadam.release.xcconfig"; sourceTree = "<group>"; };
		41BDCB37E71B201079FE9DAA /* Pods-Nadam.debug.xcconfig */ = {isa = PBXFileReference; includeInIndex = 1; lastKnownFileType = text.xcconfig; name = "Pods-Nadam.debug.xcconfig"; path = "Target Support Files/Pods-Nadam/Pods-Nadam.debug.xcconfig"; sourceTree = "<group>"; };
		8B0DDEEB289A953D00F0ACC3 /* Nadam.app */ = {isa = PBXFileReference; explicitFileType = wrapper.application; includeInIndex = 0; path = Nadam.app; sourceTree = BUILT_PRODUCTS_DIR; };
		8B0DDEEE289A953D00F0ACC3 /* AppDelegate.swift */ = {isa = PBXFileReference; lastKnownFileType = sourcecode.swift; path = AppDelegate.swift; sourceTree = "<group>"; };
		8B0DDEF0289A953D00F0ACC3 /* SceneDelegate.swift */ = {isa = PBXFileReference; lastKnownFileType = sourcecode.swift; path = SceneDelegate.swift; sourceTree = "<group>"; };
		8B0DDEF2289A953D00F0ACC3 /* ViewController.swift */ = {isa = PBXFileReference; lastKnownFileType = sourcecode.swift; path = ViewController.swift; sourceTree = "<group>"; };
		8B0DDEF5289A953D00F0ACC3 /* Base */ = {isa = PBXFileReference; lastKnownFileType = file.storyboard; name = Base; path = Base.lproj/Main.storyboard; sourceTree = "<group>"; };
		8B0DDEF8289A953D00F0ACC3 /* Nadam.xcdatamodel */ = {isa = PBXFileReference; lastKnownFileType = wrapper.xcdatamodel; path = Nadam.xcdatamodel; sourceTree = "<group>"; };
		8B0DDEFA289A953F00F0ACC3 /* Assets.xcassets */ = {isa = PBXFileReference; lastKnownFileType = folder.assetcatalog; path = Assets.xcassets; sourceTree = "<group>"; };
		8B0DDEFD289A953F00F0ACC3 /* Base */ = {isa = PBXFileReference; lastKnownFileType = file.storyboard; name = Base; path = Base.lproj/LaunchScreen.storyboard; sourceTree = "<group>"; };
		8B0DDEFF289A953F00F0ACC3 /* Info.plist */ = {isa = PBXFileReference; lastKnownFileType = text.plist.xml; path = Info.plist; sourceTree = "<group>"; };
		8B1DBD77289F5D6F007580D7 /* Nadam+Color.swift */ = {isa = PBXFileReference; lastKnownFileType = sourcecode.swift; path = "Nadam+Color.swift"; sourceTree = "<group>"; };
		8B1DBDB528A67988007580D7 /* WordCell.swift */ = {isa = PBXFileReference; lastKnownFileType = sourcecode.swift; path = WordCell.swift; sourceTree = "<group>"; };
		8B21436228C2D1ED00C073CE /* SearchView.storyboard */ = {isa = PBXFileReference; lastKnownFileType = file.storyboard; path = SearchView.storyboard; sourceTree = "<group>"; };
		8B21436428C2D20300C073CE /* SearchViewController.swift */ = {isa = PBXFileReference; lastKnownFileType = sourcecode.swift; path = SearchViewController.swift; sourceTree = "<group>"; };
		8B4D72A328D0B523000E9BBB /* questionWord.swift */ = {isa = PBXFileReference; lastKnownFileType = sourcecode.swift; path = questionWord.swift; sourceTree = "<group>"; };
		8B4D72A528D0B7DF000E9BBB /* ResultWordCell.swift */ = {isa = PBXFileReference; lastKnownFileType = sourcecode.swift; path = ResultWordCell.swift; sourceTree = "<group>"; };
		8B5026CE28BF8CE5009271AA /* WordInformation.swift */ = {isa = PBXFileReference; lastKnownFileType = sourcecode.swift; path = WordInformation.swift; sourceTree = "<group>"; };
		8B5026D028BF90C2009271AA /* ErrorMessage.swift */ = {isa = PBXFileReference; lastKnownFileType = sourcecode.swift; path = ErrorMessage.swift; sourceTree = "<group>"; };
		8B63ABE828D04BB200D38973 /* ResultWordView.storyboard */ = {isa = PBXFileReference; lastKnownFileType = file.storyboard; path = ResultWordView.storyboard; sourceTree = "<group>"; };
		8B63ABEA28D04BB900D38973 /* ResultWordViewController.swift */ = {isa = PBXFileReference; lastKnownFileType = sourcecode.swift; path = ResultWordViewController.swift; sourceTree = "<group>"; };
		8B6A522928C626A9005CA74B /* TapWordCell.swift */ = {isa = PBXFileReference; lastKnownFileType = sourcecode.swift; path = TapWordCell.swift; sourceTree = "<group>"; };
		8B6A522A28C626A9005CA74B /* TapWordCell.xib */ = {isa = PBXFileReference; lastKnownFileType = file.xib; path = TapWordCell.xib; sourceTree = "<group>"; };
		8B6DE76028B0B50300E32928 /* GameListView.storyboard */ = {isa = PBXFileReference; lastKnownFileType = file.storyboard; path = GameListView.storyboard; sourceTree = "<group>"; };
		8B6DE76228B0B51600E32928 /* GameListViewController.swift */ = {isa = PBXFileReference; lastKnownFileType = sourcecode.swift; path = GameListViewController.swift; sourceTree = "<group>"; };
		8B6DE76628B0C52500E32928 /* CustomTabBarVC.swift */ = {isa = PBXFileReference; lastKnownFileType = sourcecode.swift; path = CustomTabBarVC.swift; sourceTree = "<group>"; };
		8B93D50928E47C2A00AD8170 /* SelectTestListButton.swift */ = {isa = PBXFileReference; lastKnownFileType = sourcecode.swift; path = SelectTestListButton.swift; sourceTree = "<group>"; };
		8B93D54528E8950500AD8170 /* PetViewController.swift */ = {isa = PBXFileReference; lastKnownFileType = sourcecode.swift; path = PetViewController.swift; sourceTree = "<group>"; };
		8B93D54728E8950C00AD8170 /* PetView.storyboard */ = {isa = PBXFileReference; lastKnownFileType = file.storyboard; path = PetView.storyboard; sourceTree = "<group>"; };
		8B93D54928E89C1500AD8170 /* PurchasingView.storyboard */ = {isa = PBXFileReference; lastKnownFileType = file.storyboard; path = PurchasingView.storyboard; sourceTree = "<group>"; };
		8B93D54B28E89C2100AD8170 /* PurchasingViewController.swift */ = {isa = PBXFileReference; lastKnownFileType = sourcecode.swift; path = PurchasingViewController.swift; sourceTree = "<group>"; };
		8B93D54D28ED282100AD8170 /* PurchasingCell.swift */ = {isa = PBXFileReference; lastKnownFileType = sourcecode.swift; path = PurchasingCell.swift; sourceTree = "<group>"; };
		8BAF4F1928DAB223008ADFCC /* CalendarView.storyboard */ = {isa = PBXFileReference; lastKnownFileType = file.storyboard; path = CalendarView.storyboard; sourceTree = "<group>"; };
		8BAF4F1B28DAB22C008ADFCC /* CalendarViewController.swift */ = {isa = PBXFileReference; lastKnownFileType = sourcecode.swift; path = CalendarViewController.swift; sourceTree = "<group>"; };
		8BAF4F1F28DB6B1D008ADFCC /* CalendarWordCell.swift */ = {isa = PBXFileReference; lastKnownFileType = sourcecode.swift; path = CalendarWordCell.swift; sourceTree = "<group>"; };
		8BDDCE9728C7AF64000DE395 /* PaddingLabel.swift */ = {isa = PBXFileReference; lastKnownFileType = sourcecode.swift; path = PaddingLabel.swift; sourceTree = "<group>"; };
		8BDDCE9928C9CA42000DE395 /* ArrangeButton.swift */ = {isa = PBXFileReference; lastKnownFileType = sourcecode.swift; path = ArrangeButton.swift; sourceTree = "<group>"; };
		8BDFBFB428DF390C001622D6 /* NextButtonState.swift */ = {isa = PBXFileReference; lastKnownFileType = sourcecode.swift; path = NextButtonState.swift; sourceTree = "<group>"; };
		8BDFBFB628E2EDF9001622D6 /* NetworkReachability.swift */ = {isa = PBXFileReference; lastKnownFileType = sourcecode.swift; path = NetworkReachability.swift; sourceTree = "<group>"; };
		8BDFBFC128E33E9E001622D6 /* SelectTestListViewController.swift */ = {isa = PBXFileReference; lastKnownFileType = sourcecode.swift; path = SelectTestListViewController.swift; sourceTree = "<group>"; };
		8BDFBFC328E33EA9001622D6 /* SelectTestListView.storyboard */ = {isa = PBXFileReference; lastKnownFileType = file.storyboard; path = SelectTestListView.storyboard; sourceTree = "<group>"; };
		8BE57A0D28C4FDAD00484284 /* SearchedWordCell.swift */ = {isa = PBXFileReference; lastKnownFileType = sourcecode.swift; path = SearchedWordCell.swift; sourceTree = "<group>"; };
		8BE59CC528D2E93600C878AC /* RainTestView.storyboard */ = {isa = PBXFileReference; lastKnownFileType = file.storyboard; path = RainTestView.storyboard; sourceTree = "<group>"; };
		8BE59CC728D2E94800C878AC /* RainTestViewController.swift */ = {isa = PBXFileReference; lastKnownFileType = sourcecode.swift; path = RainTestViewController.swift; sourceTree = "<group>"; };
		8BF3045528CF19C200A5374A /* SpellingTestView.storyboard */ = {isa = PBXFileReference; lastKnownFileType = file.storyboard; path = SpellingTestView.storyboard; sourceTree = "<group>"; };
		8BF3045728CF19D400A5374A /* SpellingTestViewController.swift */ = {isa = PBXFileReference; lastKnownFileType = sourcecode.swift; path = SpellingTestViewController.swift; sourceTree = "<group>"; };
		8BF3045A28CF78C900A5374A /* ResultView.storyboard */ = {isa = PBXFileReference; lastKnownFileType = file.storyboard; path = ResultView.storyboard; sourceTree = "<group>"; };
		8BF3045C28CF78D300A5374A /* ResultViewController.swift */ = {isa = PBXFileReference; lastKnownFileType = sourcecode.swift; path = ResultViewController.swift; sourceTree = "<group>"; };
		8BF3AF24289ACA8D00F049CD /* WordListView.storyboard */ = {isa = PBXFileReference; lastKnownFileType = file.storyboard; path = WordListView.storyboard; sourceTree = "<group>"; };
		8BF3AF26289ACAA700F049CD /* WordListViewController.swift */ = {isa = PBXFileReference; lastKnownFileType = sourcecode.swift; path = WordListViewController.swift; sourceTree = "<group>"; };
		8BF3AF29289B5AEB00F049CD /* AddWordView.storyboard */ = {isa = PBXFileReference; lastKnownFileType = file.storyboard; path = AddWordView.storyboard; sourceTree = "<group>"; };
		8BF3AF2B289B5AF500F049CD /* AddWordViewController.swift */ = {isa = PBXFileReference; lastKnownFileType = sourcecode.swift; path = AddWordViewController.swift; sourceTree = "<group>"; };
		8BF3AF2E289BBFAC00F049CD /* CoreDataManager.swift */ = {isa = PBXFileReference; lastKnownFileType = sourcecode.swift; path = CoreDataManager.swift; sourceTree = "<group>"; };
		8BF3AF38289C261500F049CD /* Nadam+Font.swift */ = {isa = PBXFileReference; lastKnownFileType = sourcecode.swift; path = "Nadam+Font.swift"; sourceTree = "<group>"; };
		8BF3AF3D289C328A00F049CD /* GmarketSansTTFLight.ttf */ = {isa = PBXFileReference; lastKnownFileType = file; path = GmarketSansTTFLight.ttf; sourceTree = "<group>"; };
		8BF3AF3F289C329000F049CD /* GmarketSansTTFMedium.ttf */ = {isa = PBXFileReference; lastKnownFileType = file; path = GmarketSansTTFMedium.ttf; sourceTree = "<group>"; };
		8BF3AF41289C32B800F049CD /* GmarketSansTTFBold.ttf */ = {isa = PBXFileReference; lastKnownFileType = file; path = GmarketSansTTFBold.ttf; sourceTree = "<group>"; };
		8BFC7E3628B5140500D92E00 /* AddCameraView.storyboard */ = {isa = PBXFileReference; lastKnownFileType = file.storyboard; path = AddCameraView.storyboard; sourceTree = "<group>"; };
		8BFC7E3828B5141F00D92E00 /* AddCameraViewController.swift */ = {isa = PBXFileReference; lastKnownFileType = sourcecode.swift; path = AddCameraViewController.swift; sourceTree = "<group>"; };
		8BFC7E3A28B88AB700D92E00 /* WordButtonCell.swift */ = {isa = PBXFileReference; lastKnownFileType = sourcecode.swift; path = WordButtonCell.swift; sourceTree = "<group>"; };
		8BFFE1AC28F3D99200D183CE /* CALayer+.swift */ = {isa = PBXFileReference; lastKnownFileType = sourcecode.swift; path = "CALayer+.swift"; sourceTree = "<group>"; };
/* End PBXFileReference section */

/* Begin PBXFrameworksBuildPhase section */
		8B0DDEE8289A953D00F0ACC3 /* Frameworks */ = {
			isa = PBXFrameworksBuildPhase;
			buildActionMask = 2147483647;
			files = (
				3073107B62E133689B9ECDD5 /* Pods_Nadam.framework in Frameworks */,
			);
			runOnlyForDeploymentPostprocessing = 0;
		};
/* End PBXFrameworksBuildPhase section */

/* Begin PBXGroup section */
		14F77F06F3F86D34728BCEFC /* Pods */ = {
			isa = PBXGroup;
			children = (
				41BDCB37E71B201079FE9DAA /* Pods-Nadam.debug.xcconfig */,
				40D2F751573CC0C552E8F732 /* Pods-Nadam.release.xcconfig */,
			);
			path = Pods;
			sourceTree = "<group>";
		};
		8B0DDEE2289A953D00F0ACC3 = {
			isa = PBXGroup;
			children = (
				8BF3AF34289C25CB00F049CD /* Utility */,
				8BF3AF32289C253900F049CD /* Extension */,
				8B0DDEED289A953D00F0ACC3 /* Nadam */,
				8B0DDEEC289A953D00F0ACC3 /* Products */,
				14F77F06F3F86D34728BCEFC /* Pods */,
				CD169AAD76B2196D0CB2FCBA /* Frameworks */,
			);
			sourceTree = "<group>";
		};
		8B0DDEEC289A953D00F0ACC3 /* Products */ = {
			isa = PBXGroup;
			children = (
				8B0DDEEB289A953D00F0ACC3 /* Nadam.app */,
			);
			name = Products;
			sourceTree = "<group>";
		};
		8B0DDEED289A953D00F0ACC3 /* Nadam */ = {
			isa = PBXGroup;
			children = (
				8B0DDEEE289A953D00F0ACC3 /* AppDelegate.swift */,
				8B0DDEF0289A953D00F0ACC3 /* SceneDelegate.swift */,
				8B0DDEF2289A953D00F0ACC3 /* ViewController.swift */,
				8B0DDEFC289A953F00F0ACC3 /* LaunchScreen.storyboard */,
				8B0DDEF4289A953D00F0ACC3 /* Main.storyboard */,
				8B6DE76628B0C52500E32928 /* CustomTabBarVC.swift */,
				8B93D54228E894B600AD8170 /* Pet */,
				8BAF4F1728DAB201008ADFCC /* Calendar */,
				8BF3AF28289ACAB000F049CD /* WordList */,
				8B6DE75F28B0B4BE00E32928 /* WordGame */,
				8B0DDEFA289A953F00F0ACC3 /* Assets.xcassets */,
				8B0DDEFF289A953F00F0ACC3 /* Info.plist */,
				8BF3AF2D289BBF9A00F049CD /* CoreData */,
			);
			path = Nadam;
			sourceTree = "<group>";
		};
		8B21436128C2D1DA00C073CE /* SearchView */ = {
			isa = PBXGroup;
			children = (
				8B21436228C2D1ED00C073CE /* SearchView.storyboard */,
				8B21436428C2D20300C073CE /* SearchViewController.swift */,
				8BE57A0D28C4FDAD00484284 /* SearchedWordCell.swift */,
			);
			path = SearchView;
			sourceTree = "<group>";
		};
		8B5026CB28BF8CAE009271AA /* WordListView */ = {
			isa = PBXGroup;
			children = (
				8BF3AF24289ACA8D00F049CD /* WordListView.storyboard */,
				8BF3AF26289ACAA700F049CD /* WordListViewController.swift */,
				8BDDCE9928C9CA42000DE395 /* ArrangeButton.swift */,
				8B1DBDB528A67988007580D7 /* WordCell.swift */,
				8B6A522928C626A9005CA74B /* TapWordCell.swift */,
				8B6A522A28C626A9005CA74B /* TapWordCell.xib */,
				8BDDCE9728C7AF64000DE395 /* PaddingLabel.swift */,
			);
			path = WordListView;
			sourceTree = "<group>";
		};
		8B5026CC28BF8CBF009271AA /* AddWordView */ = {
			isa = PBXGroup;
			children = (
				8BF3AF29289B5AEB00F049CD /* AddWordView.storyboard */,
				8BF3AF2B289B5AF500F049CD /* AddWordViewController.swift */,
				8B5026CE28BF8CE5009271AA /* WordInformation.swift */,
				8B5026D028BF90C2009271AA /* ErrorMessage.swift */,
				8BDFBFB628E2EDF9001622D6 /* NetworkReachability.swift */,
			);
			path = AddWordView;
			sourceTree = "<group>";
		};
		8B5026CD28BF8CCD009271AA /* AddCameraView */ = {
			isa = PBXGroup;
			children = (
				8BFC7E3628B5140500D92E00 /* AddCameraView.storyboard */,
				8BFC7E3828B5141F00D92E00 /* AddCameraViewController.swift */,
				8BFC7E3A28B88AB700D92E00 /* WordButtonCell.swift */,
			);
			path = AddCameraView;
			sourceTree = "<group>";
		};
		8B6DE75F28B0B4BE00E32928 /* WordGame */ = {
			isa = PBXGroup;
			children = (
				8B4D72A328D0B523000E9BBB /* questionWord.swift */,
				8BF3045328CF13E100A5374A /* GameListView */,
				8BDFBFBE28E33DF7001622D6 /* SelectTestListView */,
				8BE59CC428D2E91A00C878AC /* RainTestView */,
				8BF3045428CF15A400A5374A /* SpellingTestView */,
				8BF3045E28D04AD800A5374A /* ResultWordView */,
				8BF3045928CF78B100A5374A /* ResultView */,
			);
			path = WordGame;
			sourceTree = "<group>";
		};
		8B93D54228E894B600AD8170 /* Pet */ = {
			isa = PBXGroup;
			children = (
				8B93D54328E894D600AD8170 /* PetView */,
				8B93D54428E894DD00AD8170 /* PurchasingView */,
			);
			path = Pet;
			sourceTree = "<group>";
		};
		8B93D54328E894D600AD8170 /* PetView */ = {
			isa = PBXGroup;
			children = (
				8B93D54728E8950C00AD8170 /* PetView.storyboard */,
				8B93D54528E8950500AD8170 /* PetViewController.swift */,
			);
			path = PetView;
			sourceTree = "<group>";
		};
		8B93D54428E894DD00AD8170 /* PurchasingView */ = {
			isa = PBXGroup;
			children = (
				8B93D54928E89C1500AD8170 /* PurchasingView.storyboard */,
				8B93D54B28E89C2100AD8170 /* PurchasingViewController.swift */,
				8B93D54D28ED282100AD8170 /* PurchasingCell.swift */,
			);
			path = PurchasingView;
			sourceTree = "<group>";
		};
		8BAF4F1728DAB201008ADFCC /* Calendar */ = {
			isa = PBXGroup;
			children = (
				8BAF4F1828DAB20B008ADFCC /* CalendarView */,
			);
			path = Calendar;
			sourceTree = "<group>";
		};
		8BAF4F1828DAB20B008ADFCC /* CalendarView */ = {
			isa = PBXGroup;
			children = (
				8BAF4F1928DAB223008ADFCC /* CalendarView.storyboard */,
				8BAF4F1B28DAB22C008ADFCC /* CalendarViewController.swift */,
				8BAF4F1F28DB6B1D008ADFCC /* CalendarWordCell.swift */,
			);
			path = CalendarView;
			sourceTree = "<group>";
		};
		8BDFBFBE28E33DF7001622D6 /* SelectTestListView */ = {
			isa = PBXGroup;
			children = (
				8BDFBFC328E33EA9001622D6 /* SelectTestListView.storyboard */,
				8BDFBFC128E33E9E001622D6 /* SelectTestListViewController.swift */,
				8B93D50928E47C2A00AD8170 /* SelectTestListButton.swift */,
			);
			path = SelectTestListView;
			sourceTree = "<group>";
		};
		8BE59CC428D2E91A00C878AC /* RainTestView */ = {
			isa = PBXGroup;
			children = (
				8BE59CC528D2E93600C878AC /* RainTestView.storyboard */,
				8BE59CC728D2E94800C878AC /* RainTestViewController.swift */,
				8BDFBFB428DF390C001622D6 /* NextButtonState.swift */,
			);
			path = RainTestView;
			sourceTree = "<group>";
		};
		8BF3045328CF13E100A5374A /* GameListView */ = {
			isa = PBXGroup;
			children = (
				8B6DE76028B0B50300E32928 /* GameListView.storyboard */,
				8B6DE76228B0B51600E32928 /* GameListViewController.swift */,
			);
			path = GameListView;
			sourceTree = "<group>";
		};
		8BF3045428CF15A400A5374A /* SpellingTestView */ = {
			isa = PBXGroup;
			children = (
				8BF3045528CF19C200A5374A /* SpellingTestView.storyboard */,
				8BF3045728CF19D400A5374A /* SpellingTestViewController.swift */,
			);
			path = SpellingTestView;
			sourceTree = "<group>";
		};
		8BF3045928CF78B100A5374A /* ResultView */ = {
			isa = PBXGroup;
			children = (
				8BF3045A28CF78C900A5374A /* ResultView.storyboard */,
				8BF3045C28CF78D300A5374A /* ResultViewController.swift */,
			);
			path = ResultView;
			sourceTree = "<group>";
		};
		8BF3045E28D04AD800A5374A /* ResultWordView */ = {
			isa = PBXGroup;
			children = (
				8B63ABE828D04BB200D38973 /* ResultWordView.storyboard */,
				8B63ABEA28D04BB900D38973 /* ResultWordViewController.swift */,
				8B4D72A528D0B7DF000E9BBB /* ResultWordCell.swift */,
			);
			path = ResultWordView;
			sourceTree = "<group>";
		};
		8BF3AF28289ACAB000F049CD /* WordList */ = {
			isa = PBXGroup;
			children = (
				8B21436128C2D1DA00C073CE /* SearchView */,
				8B5026CB28BF8CAE009271AA /* WordListView */,
				8B5026CC28BF8CBF009271AA /* AddWordView */,
				8B5026CD28BF8CCD009271AA /* AddCameraView */,
			);
			path = WordList;
			sourceTree = "<group>";
		};
		8BF3AF2D289BBF9A00F049CD /* CoreData */ = {
			isa = PBXGroup;
			children = (
				8B0DDEF7289A953D00F0ACC3 /* Nadam.xcdatamodeld */,
				8BF3AF2E289BBFAC00F049CD /* CoreDataManager.swift */,
			);
			path = CoreData;
			sourceTree = "<group>";
		};
		8BF3AF32289C253900F049CD /* Extension */ = {
			isa = PBXGroup;
			children = (
				8BF3AF38289C261500F049CD /* Nadam+Font.swift */,
				8B1DBD77289F5D6F007580D7 /* Nadam+Color.swift */,
				8BFFE1AC28F3D99200D183CE /* CALayer+.swift */,
			);
			path = Extension;
			sourceTree = "<group>";
		};
		8BF3AF34289C25CB00F049CD /* Utility */ = {
			isa = PBXGroup;
			children = (
				8BF3AF3A289C327F00F049CD /* Font */,
			);
			path = Utility;
			sourceTree = "<group>";
		};
		8BF3AF3A289C327F00F049CD /* Font */ = {
			isa = PBXGroup;
			children = (
				8BF3AF3F289C329000F049CD /* GmarketSansTTFMedium.ttf */,
				8BF3AF41289C32B800F049CD /* GmarketSansTTFBold.ttf */,
				8BF3AF3D289C328A00F049CD /* GmarketSansTTFLight.ttf */,
			);
			path = Font;
			sourceTree = "<group>";
		};
		CD169AAD76B2196D0CB2FCBA /* Frameworks */ = {
			isa = PBXGroup;
			children = (
				0128076284383D266698FFF3 /* Pods_Nadam.framework */,
			);
			name = Frameworks;
			sourceTree = "<group>";
		};
/* End PBXGroup section */

/* Begin PBXNativeTarget section */
		8B0DDEEA289A953D00F0ACC3 /* Nadam */ = {
			isa = PBXNativeTarget;
			buildConfigurationList = 8B0DDF02289A953F00F0ACC3 /* Build configuration list for PBXNativeTarget "Nadam" */;
			buildPhases = (
				1322FE3A9870871BB6957F46 /* [CP] Check Pods Manifest.lock */,
				8B0DDEE7289A953D00F0ACC3 /* Sources */,
				8B0DDEE8289A953D00F0ACC3 /* Frameworks */,
				8B0DDEE9289A953D00F0ACC3 /* Resources */,
				04D3F52EA004EC46B91ECE1C /* [CP] Embed Pods Frameworks */,
			);
			buildRules = (
			);
			dependencies = (
			);
			name = Nadam;
			productName = Nadam;
			productReference = 8B0DDEEB289A953D00F0ACC3 /* Nadam.app */;
			productType = "com.apple.product-type.application";
		};
/* End PBXNativeTarget section */

/* Begin PBXProject section */
		8B0DDEE3289A953D00F0ACC3 /* Project object */ = {
			isa = PBXProject;
			attributes = {
				BuildIndependentTargetsInParallel = 1;
				LastSwiftUpdateCheck = 1330;
				LastUpgradeCheck = 1330;
				TargetAttributes = {
					8B0DDEEA289A953D00F0ACC3 = {
						CreatedOnToolsVersion = 13.3;
					};
				};
			};
			buildConfigurationList = 8B0DDEE6289A953D00F0ACC3 /* Build configuration list for PBXProject "Nadam" */;
			compatibilityVersion = "Xcode 13.0";
			developmentRegion = en;
			hasScannedForEncodings = 0;
			knownRegions = (
				en,
				Base,
			);
			mainGroup = 8B0DDEE2289A953D00F0ACC3;
			productRefGroup = 8B0DDEEC289A953D00F0ACC3 /* Products */;
			projectDirPath = "";
			projectRoot = "";
			targets = (
				8B0DDEEA289A953D00F0ACC3 /* Nadam */,
			);
		};
/* End PBXProject section */

/* Begin PBXResourcesBuildPhase section */
		8B0DDEE9289A953D00F0ACC3 /* Resources */ = {
			isa = PBXResourcesBuildPhase;
			buildActionMask = 2147483647;
			files = (
				8BFC7E3728B5140500D92E00 /* AddCameraView.storyboard in Resources */,
				8BF3045628CF19C200A5374A /* SpellingTestView.storyboard in Resources */,
				8B93D54828E8950C00AD8170 /* PetView.storyboard in Resources */,
				8B0DDEFE289A953F00F0ACC3 /* LaunchScreen.storyboard in Resources */,
				8BDFBFC428E33EA9001622D6 /* SelectTestListView.storyboard in Resources */,
				8BE59CC628D2E93600C878AC /* RainTestView.storyboard in Resources */,
				8B63ABE928D04BB200D38973 /* ResultWordView.storyboard in Resources */,
				8BF3AF43289C32BE00F049CD /* GmarketSansTTFLight.ttf in Resources */,
				8BF3AF25289ACA8D00F049CD /* WordListView.storyboard in Resources */,
				8BF3AF44289C32C000F049CD /* GmarketSansTTFMedium.ttf in Resources */,
				8B6A522C28C626A9005CA74B /* TapWordCell.xib in Resources */,
				8BAF4F1A28DAB223008ADFCC /* CalendarView.storyboard in Resources */,
				8B0DDEFB289A953F00F0ACC3 /* Assets.xcassets in Resources */,
				8BF3045B28CF78C900A5374A /* ResultView.storyboard in Resources */,
				8B0DDEF6289A953D00F0ACC3 /* Main.storyboard in Resources */,
				8BF3AF2A289B5AEB00F049CD /* AddWordView.storyboard in Resources */,
				8B21436328C2D1ED00C073CE /* SearchView.storyboard in Resources */,
				8B6DE76128B0B50300E32928 /* GameListView.storyboard in Resources */,
				8BF3AF42289C32B800F049CD /* GmarketSansTTFBold.ttf in Resources */,
				8B93D54A28E89C1500AD8170 /* PurchasingView.storyboard in Resources */,
			);
			runOnlyForDeploymentPostprocessing = 0;
		};
/* End PBXResourcesBuildPhase section */

/* Begin PBXShellScriptBuildPhase section */
		04D3F52EA004EC46B91ECE1C /* [CP] Embed Pods Frameworks */ = {
			isa = PBXShellScriptBuildPhase;
			buildActionMask = 2147483647;
			files = (
			);
			inputFileListPaths = (
				"${PODS_ROOT}/Target Support Files/Pods-Nadam/Pods-Nadam-frameworks-${CONFIGURATION}-input-files.xcfilelist",
			);
			name = "[CP] Embed Pods Frameworks";
			outputFileListPaths = (
				"${PODS_ROOT}/Target Support Files/Pods-Nadam/Pods-Nadam-frameworks-${CONFIGURATION}-output-files.xcfilelist",
			);
			runOnlyForDeploymentPostprocessing = 0;
			shellPath = /bin/sh;
			shellScript = "\"${PODS_ROOT}/Target Support Files/Pods-Nadam/Pods-Nadam-frameworks.sh\"\n";
			showEnvVarsInLog = 0;
		};
		1322FE3A9870871BB6957F46 /* [CP] Check Pods Manifest.lock */ = {
			isa = PBXShellScriptBuildPhase;
			buildActionMask = 2147483647;
			files = (
			);
			inputFileListPaths = (
			);
			inputPaths = (
				"${PODS_PODFILE_DIR_PATH}/Podfile.lock",
				"${PODS_ROOT}/Manifest.lock",
			);
			name = "[CP] Check Pods Manifest.lock";
			outputFileListPaths = (
			);
			outputPaths = (
				"$(DERIVED_FILE_DIR)/Pods-Nadam-checkManifestLockResult.txt",
			);
			runOnlyForDeploymentPostprocessing = 0;
			shellPath = /bin/sh;
			shellScript = "diff \"${PODS_PODFILE_DIR_PATH}/Podfile.lock\" \"${PODS_ROOT}/Manifest.lock\" > /dev/null\nif [ $? != 0 ] ; then\n    # print error to STDERR\n    echo \"error: The sandbox is not in sync with the Podfile.lock. Run 'pod install' or update your CocoaPods installation.\" >&2\n    exit 1\nfi\n# This output is used by Xcode 'outputs' to avoid re-running this script phase.\necho \"SUCCESS\" > \"${SCRIPT_OUTPUT_FILE_0}\"\n";
			showEnvVarsInLog = 0;
		};
/* End PBXShellScriptBuildPhase section */

/* Begin PBXSourcesBuildPhase section */
		8B0DDEE7289A953D00F0ACC3 /* Sources */ = {
			isa = PBXSourcesBuildPhase;
			buildActionMask = 2147483647;
			files = (
				8BE59CC828D2E94800C878AC /* RainTestViewController.swift in Sources */,
				8B5026CF28BF8CE5009271AA /* WordInformation.swift in Sources */,
				8B0DDEF3289A953D00F0ACC3 /* ViewController.swift in Sources */,
				8BFFE1AD28F3D99200D183CE /* CALayer+.swift in Sources */,
				8BAF4F2028DB6B1D008ADFCC /* CalendarWordCell.swift in Sources */,
				8BFC7E3928B5141F00D92E00 /* AddCameraViewController.swift in Sources */,
				8B21436528C2D20300C073CE /* SearchViewController.swift in Sources */,
				8B0DDEEF289A953D00F0ACC3 /* AppDelegate.swift in Sources */,
				8BF3AF2C289B5AF500F049CD /* AddWordViewController.swift in Sources */,
				8B6DE76728B0C52500E32928 /* CustomTabBarVC.swift in Sources */,
				8B6A522B28C626A9005CA74B /* TapWordCell.swift in Sources */,
				8B4D72A628D0B7DF000E9BBB /* ResultWordCell.swift in Sources */,
				8B1DBD78289F5D6F007580D7 /* Nadam+Color.swift in Sources */,
				8BF3045D28CF78D300A5374A /* ResultViewController.swift in Sources */,
				8B93D50A28E47C2A00AD8170 /* SelectTestListButton.swift in Sources */,
				8BAF4F1C28DAB22C008ADFCC /* CalendarViewController.swift in Sources */,
				8B6DE76328B0B51600E32928 /* GameListViewController.swift in Sources */,
				8B63ABEB28D04BB900D38973 /* ResultWordViewController.swift in Sources */,
				8BDFBFB528DF390C001622D6 /* NextButtonState.swift in Sources */,
				8BFC7E3B28B88AB700D92E00 /* WordButtonCell.swift in Sources */,
				8B93D54E28ED282100AD8170 /* PurchasingCell.swift in Sources */,
				8BF3AF27289ACAA700F049CD /* WordListViewController.swift in Sources */,
				8B4D72A428D0B523000E9BBB /* questionWord.swift in Sources */,
				8B0DDEF1289A953D00F0ACC3 /* SceneDelegate.swift in Sources */,
				8B93D54C28E89C2100AD8170 /* PurchasingViewController.swift in Sources */,
				8BF3AF2F289BBFAC00F049CD /* CoreDataManager.swift in Sources */,
				8BF3045828CF19D400A5374A /* SpellingTestViewController.swift in Sources */,
				8B5026D128BF90C2009271AA /* ErrorMessage.swift in Sources */,
				8BDFBFC228E33E9E001622D6 /* SelectTestListViewController.swift in Sources */,
				8B1DBDB628A67988007580D7 /* WordCell.swift in Sources */,
				8BDDCE9828C7AF64000DE395 /* PaddingLabel.swift in Sources */,
				8BF3AF39289C261500F049CD /* Nadam+Font.swift in Sources */,
				8BDDCE9A28C9CA42000DE395 /* ArrangeButton.swift in Sources */,
				8B93D54628E8950500AD8170 /* PetViewController.swift in Sources */,
				8BE57A0E28C4FDAD00484284 /* SearchedWordCell.swift in Sources */,
				8B0DDEF9289A953D00F0ACC3 /* Nadam.xcdatamodeld in Sources */,
				8BDFBFB728E2EDF9001622D6 /* NetworkReachability.swift in Sources */,
			);
			runOnlyForDeploymentPostprocessing = 0;
		};
/* End PBXSourcesBuildPhase section */

/* Begin PBXVariantGroup section */
		8B0DDEF4289A953D00F0ACC3 /* Main.storyboard */ = {
			isa = PBXVariantGroup;
			children = (
				8B0DDEF5289A953D00F0ACC3 /* Base */,
			);
			name = Main.storyboard;
			sourceTree = "<group>";
		};
		8B0DDEFC289A953F00F0ACC3 /* LaunchScreen.storyboard */ = {
			isa = PBXVariantGroup;
			children = (
				8B0DDEFD289A953F00F0ACC3 /* Base */,
			);
			name = LaunchScreen.storyboard;
			sourceTree = "<group>";
		};
/* End PBXVariantGroup section */

/* Begin XCBuildConfiguration section */
		8B0DDF00289A953F00F0ACC3 /* Debug */ = {
			isa = XCBuildConfiguration;
			buildSettings = {
				ALWAYS_SEARCH_USER_PATHS = NO;
				CLANG_ANALYZER_NONNULL = YES;
				CLANG_ANALYZER_NUMBER_OBJECT_CONVERSION = YES_AGGRESSIVE;
				CLANG_CXX_LANGUAGE_STANDARD = "gnu++17";
				CLANG_ENABLE_MODULES = YES;
				CLANG_ENABLE_OBJC_ARC = YES;
				CLANG_ENABLE_OBJC_WEAK = YES;
				CLANG_WARN_BLOCK_CAPTURE_AUTORELEASING = YES;
				CLANG_WARN_BOOL_CONVERSION = YES;
				CLANG_WARN_COMMA = YES;
				CLANG_WARN_CONSTANT_CONVERSION = YES;
				CLANG_WARN_DEPRECATED_OBJC_IMPLEMENTATIONS = YES;
				CLANG_WARN_DIRECT_OBJC_ISA_USAGE = YES_ERROR;
				CLANG_WARN_DOCUMENTATION_COMMENTS = YES;
				CLANG_WARN_EMPTY_BODY = YES;
				CLANG_WARN_ENUM_CONVERSION = YES;
				CLANG_WARN_INFINITE_RECURSION = YES;
				CLANG_WARN_INT_CONVERSION = YES;
				CLANG_WARN_NON_LITERAL_NULL_CONVERSION = YES;
				CLANG_WARN_OBJC_IMPLICIT_RETAIN_SELF = YES;
				CLANG_WARN_OBJC_LITERAL_CONVERSION = YES;
				CLANG_WARN_OBJC_ROOT_CLASS = YES_ERROR;
				CLANG_WARN_QUOTED_INCLUDE_IN_FRAMEWORK_HEADER = YES;
				CLANG_WARN_RANGE_LOOP_ANALYSIS = YES;
				CLANG_WARN_STRICT_PROTOTYPES = YES;
				CLANG_WARN_SUSPICIOUS_MOVE = YES;
				CLANG_WARN_UNGUARDED_AVAILABILITY = YES_AGGRESSIVE;
				CLANG_WARN_UNREACHABLE_CODE = YES;
				CLANG_WARN__DUPLICATE_METHOD_MATCH = YES;
				COPY_PHASE_STRIP = NO;
				DEBUG_INFORMATION_FORMAT = dwarf;
				ENABLE_STRICT_OBJC_MSGSEND = YES;
				ENABLE_TESTABILITY = YES;
				GCC_C_LANGUAGE_STANDARD = gnu11;
				GCC_DYNAMIC_NO_PIC = NO;
				GCC_NO_COMMON_BLOCKS = YES;
				GCC_OPTIMIZATION_LEVEL = 0;
				GCC_PREPROCESSOR_DEFINITIONS = (
					"DEBUG=1",
					"$(inherited)",
				);
				GCC_WARN_64_TO_32_BIT_CONVERSION = YES;
				GCC_WARN_ABOUT_RETURN_TYPE = YES_ERROR;
				GCC_WARN_UNDECLARED_SELECTOR = YES;
				GCC_WARN_UNINITIALIZED_AUTOS = YES_AGGRESSIVE;
				GCC_WARN_UNUSED_FUNCTION = YES;
				GCC_WARN_UNUSED_VARIABLE = YES;
				IPHONEOS_DEPLOYMENT_TARGET = 15.0;
				MTL_ENABLE_DEBUG_INFO = INCLUDE_SOURCE;
				MTL_FAST_MATH = YES;
				ONLY_ACTIVE_ARCH = YES;
				SDKROOT = iphoneos;
				SWIFT_ACTIVE_COMPILATION_CONDITIONS = DEBUG;
				SWIFT_OPTIMIZATION_LEVEL = "-Onone";
			};
			name = Debug;
		};
		8B0DDF01289A953F00F0ACC3 /* Release */ = {
			isa = XCBuildConfiguration;
			buildSettings = {
				ALWAYS_SEARCH_USER_PATHS = NO;
				CLANG_ANALYZER_NONNULL = YES;
				CLANG_ANALYZER_NUMBER_OBJECT_CONVERSION = YES_AGGRESSIVE;
				CLANG_CXX_LANGUAGE_STANDARD = "gnu++17";
				CLANG_ENABLE_MODULES = YES;
				CLANG_ENABLE_OBJC_ARC = YES;
				CLANG_ENABLE_OBJC_WEAK = YES;
				CLANG_WARN_BLOCK_CAPTURE_AUTORELEASING = YES;
				CLANG_WARN_BOOL_CONVERSION = YES;
				CLANG_WARN_COMMA = YES;
				CLANG_WARN_CONSTANT_CONVERSION = YES;
				CLANG_WARN_DEPRECATED_OBJC_IMPLEMENTATIONS = YES;
				CLANG_WARN_DIRECT_OBJC_ISA_USAGE = YES_ERROR;
				CLANG_WARN_DOCUMENTATION_COMMENTS = YES;
				CLANG_WARN_EMPTY_BODY = YES;
				CLANG_WARN_ENUM_CONVERSION = YES;
				CLANG_WARN_INFINITE_RECURSION = YES;
				CLANG_WARN_INT_CONVERSION = YES;
				CLANG_WARN_NON_LITERAL_NULL_CONVERSION = YES;
				CLANG_WARN_OBJC_IMPLICIT_RETAIN_SELF = YES;
				CLANG_WARN_OBJC_LITERAL_CONVERSION = YES;
				CLANG_WARN_OBJC_ROOT_CLASS = YES_ERROR;
				CLANG_WARN_QUOTED_INCLUDE_IN_FRAMEWORK_HEADER = YES;
				CLANG_WARN_RANGE_LOOP_ANALYSIS = YES;
				CLANG_WARN_STRICT_PROTOTYPES = YES;
				CLANG_WARN_SUSPICIOUS_MOVE = YES;
				CLANG_WARN_UNGUARDED_AVAILABILITY = YES_AGGRESSIVE;
				CLANG_WARN_UNREACHABLE_CODE = YES;
				CLANG_WARN__DUPLICATE_METHOD_MATCH = YES;
				COPY_PHASE_STRIP = NO;
				DEBUG_INFORMATION_FORMAT = "dwarf-with-dsym";
				ENABLE_NS_ASSERTIONS = NO;
				ENABLE_STRICT_OBJC_MSGSEND = YES;
				GCC_C_LANGUAGE_STANDARD = gnu11;
				GCC_NO_COMMON_BLOCKS = YES;
				GCC_WARN_64_TO_32_BIT_CONVERSION = YES;
				GCC_WARN_ABOUT_RETURN_TYPE = YES_ERROR;
				GCC_WARN_UNDECLARED_SELECTOR = YES;
				GCC_WARN_UNINITIALIZED_AUTOS = YES_AGGRESSIVE;
				GCC_WARN_UNUSED_FUNCTION = YES;
				GCC_WARN_UNUSED_VARIABLE = YES;
				IPHONEOS_DEPLOYMENT_TARGET = 15.0;
				MTL_ENABLE_DEBUG_INFO = NO;
				MTL_FAST_MATH = YES;
				SDKROOT = iphoneos;
				SWIFT_COMPILATION_MODE = wholemodule;
				SWIFT_OPTIMIZATION_LEVEL = "-O";
				VALIDATE_PRODUCT = YES;
			};
			name = Release;
		};
		8B0DDF03289A953F00F0ACC3 /* Debug */ = {
			isa = XCBuildConfiguration;
			baseConfigurationReference = 41BDCB37E71B201079FE9DAA /* Pods-Nadam.debug.xcconfig */;
			buildSettings = {
				ASSETCATALOG_COMPILER_APPICON_NAME = AppIcon;
				ASSETCATALOG_COMPILER_GLOBAL_ACCENT_COLOR_NAME = AccentColor;
				CODE_SIGN_STYLE = Automatic;
				CURRENT_PROJECT_VERSION = 1;
				DEVELOPMENT_TEAM = V8U96P27D9;
				GENERATE_INFOPLIST_FILE = YES;
				INFOPLIST_FILE = Nadam/Info.plist;
				INFOPLIST_KEY_CFBundleDisplayName = "보카곰";
				INFOPLIST_KEY_LSApplicationCategoryType = "";
				INFOPLIST_KEY_NSCameraUsageDescription = "사진 촬영을 통해 단어를 추가하기 위하여 카메라 권한이 필요합니다. 촬영된 사진은 저장되지 않습니다.";
				INFOPLIST_KEY_UIApplicationSupportsIndirectInputEvents = YES;
				INFOPLIST_KEY_UILaunchStoryboardName = LaunchScreen;
				INFOPLIST_KEY_UIMainStoryboardFile = Main;
				INFOPLIST_KEY_UISupportedInterfaceOrientations_iPad = "UIInterfaceOrientationPortrait UIInterfaceOrientationPortraitUpsideDown UIInterfaceOrientationLandscapeLeft UIInterfaceOrientationLandscapeRight";
				INFOPLIST_KEY_UISupportedInterfaceOrientations_iPhone = "UIInterfaceOrientationPortrait UIInterfaceOrientationLandscapeLeft UIInterfaceOrientationLandscapeRight";
				LD_RUNPATH_SEARCH_PATHS = (
					"$(inherited)",
					"@executable_path/Frameworks",
				);
				MARKETING_VERSION = 1.0;
				PRODUCT_BUNDLE_IDENTIFIER = com.jun.Nadam;
				PRODUCT_NAME = "$(TARGET_NAME)";
				SWIFT_EMIT_LOC_STRINGS = YES;
				SWIFT_VERSION = 5.0;
				TARGETED_DEVICE_FAMILY = 1;
			};
			name = Debug;
		};
		8B0DDF04289A953F00F0ACC3 /* Release */ = {
			isa = XCBuildConfiguration;
			baseConfigurationReference = 40D2F751573CC0C552E8F732 /* Pods-Nadam.release.xcconfig */;
			buildSettings = {
				ASSETCATALOG_COMPILER_APPICON_NAME = AppIcon;
				ASSETCATALOG_COMPILER_GLOBAL_ACCENT_COLOR_NAME = AccentColor;
				CODE_SIGN_STYLE = Automatic;
				CURRENT_PROJECT_VERSION = 1;
				DEVELOPMENT_TEAM = V8U96P27D9;
				GENERATE_INFOPLIST_FILE = YES;
				INFOPLIST_FILE = Nadam/Info.plist;
				INFOPLIST_KEY_CFBundleDisplayName = "보카곰";
				INFOPLIST_KEY_LSApplicationCategoryType = "";
				INFOPLIST_KEY_NSCameraUsageDescription = "사진 촬영을 통해 단어를 추가하기 위하여 카메라 권한이 필요합니다. 촬영된 사진은 저장되지 않습니다.";
				INFOPLIST_KEY_UIApplicationSupportsIndirectInputEvents = YES;
				INFOPLIST_KEY_UILaunchStoryboardName = LaunchScreen;
				INFOPLIST_KEY_UIMainStoryboardFile = Main;
				INFOPLIST_KEY_UISupportedInterfaceOrientations_iPad = "UIInterfaceOrientationPortrait UIInterfaceOrientationPortraitUpsideDown UIInterfaceOrientationLandscapeLeft UIInterfaceOrientationLandscapeRight";
				INFOPLIST_KEY_UISupportedInterfaceOrientations_iPhone = "UIInterfaceOrientationPortrait UIInterfaceOrientationLandscapeLeft UIInterfaceOrientationLandscapeRight";
				LD_RUNPATH_SEARCH_PATHS = (
					"$(inherited)",
					"@executable_path/Frameworks",
				);
				MARKETING_VERSION = 1.0;
				PRODUCT_BUNDLE_IDENTIFIER = com.jun.Nadam;
				PRODUCT_NAME = "$(TARGET_NAME)";
				SWIFT_EMIT_LOC_STRINGS = YES;
				SWIFT_VERSION = 5.0;
				TARGETED_DEVICE_FAMILY = 1;
			};
			name = Release;
		};
/* End XCBuildConfiguration section */

/* Begin XCConfigurationList section */
		8B0DDEE6289A953D00F0ACC3 /* Build configuration list for PBXProject "Nadam" */ = {
			isa = XCConfigurationList;
			buildConfigurations = (
				8B0DDF00289A953F00F0ACC3 /* Debug */,
				8B0DDF01289A953F00F0ACC3 /* Release */,
			);
			defaultConfigurationIsVisible = 0;
			defaultConfigurationName = Release;
		};
		8B0DDF02289A953F00F0ACC3 /* Build configuration list for PBXNativeTarget "Nadam" */ = {
			isa = XCConfigurationList;
			buildConfigurations = (
				8B0DDF03289A953F00F0ACC3 /* Debug */,
				8B0DDF04289A953F00F0ACC3 /* Release */,
			);
			defaultConfigurationIsVisible = 0;
			defaultConfigurationName = Release;
		};
/* End XCConfigurationList section */

/* Begin XCVersionGroup section */
		8B0DDEF7289A953D00F0ACC3 /* Nadam.xcdatamodeld */ = {
			isa = XCVersionGroup;
			children = (
				8B0DDEF8289A953D00F0ACC3 /* Nadam.xcdatamodel */,
			);
			currentVersion = 8B0DDEF8289A953D00F0ACC3 /* Nadam.xcdatamodel */;
			path = Nadam.xcdatamodeld;
			sourceTree = "<group>";
			versionGroupType = wrapper.xcdatamodel;
		};
/* End XCVersionGroup section */
	};
	rootObject = 8B0DDEE3289A953D00F0ACC3 /* Project object */;
}
